PODS:
  - ChameleonFramework (2.0.4):
    - ChameleonFramework/Default (= 2.0.4)
  - ChameleonFramework/Default (2.0.4)
  - DZNEmptyDataSet (1.8.1)
  - FMDB (2.6.2):
    - FMDB/standard (= 2.6.2)
  - FMDB/standard (2.6.2)
  - JTCalendar (2.1.9)
  - Masonry (1.0.2)
  - MJRefresh (3.1.12)
  - SVProgressHUD (2.1.2)

DEPENDENCIES:
  - ChameleonFramework
  - DZNEmptyDataSet
  - FMDB
  - JTCalendar
  - Masonry
  - MJRefresh
  - SVProgressHUD

SPEC CHECKSUMS:
  ChameleonFramework: 5abe69b1f2a6cc79c3c435fcd9d3d855748225ee
  DZNEmptyDataSet: 9525833b9e68ac21c30253e1d3d7076cc828eaa7
  FMDB: 854a0341b4726e53276f2a8996f06f1b80f9259a
  JTCalendar: beb2f4c1b639bf6880f680b4858227acf83a049c
  Masonry: 7c429b56da9d4ee0bbb3ed77a5ea710d6a5df39e
  MJRefresh: b96cdb21c4aa75a7b07654311ab2f315c497e806
  SVProgressHUD: c404a55d78acbeb7ebb78b76d3faf986475a6994

PODFILE CHECKSUM: b49895dd153d9997d47c9379180e47d4773ec236

COCOAPODS: 1.2.0
